// !$*UTF8*$!
{
	archiveVersion = 1;
	classes = {
	};
	objectVersion = 46;
	objects = {

/* Begin PBXBuildFile section */
		578248241B0D79590082681B /* main.m in Sources */ = {isa = PBXBuildFile; fileRef = 578248231B0D79590082681B /* main.m */; };
		578248271B0D79590082681B /* AppDelegate.m in Sources */ = {isa = PBXBuildFile; fileRef = 578248261B0D79590082681B /* AppDelegate.m */; };
		5782482A1B0D79590082681B /* ViewController.m in Sources */ = {isa = PBXBuildFile; fileRef = 578248291B0D79590082681B /* ViewController.m */; };
		5782482D1B0D79590082681B /* Main.storyboard in Resources */ = {isa = PBXBuildFile; fileRef = 5782482B1B0D79590082681B /* Main.storyboard */; };
		5782482F1B0D79590082681B /* Images.xcassets in Resources */ = {isa = PBXBuildFile; fileRef = 5782482E1B0D79590082681B /* Images.xcassets */; };
		578248321B0D79590082681B /* LaunchScreen.xib in Resources */ = {isa = PBXBuildFile; fileRef = 578248301B0D79590082681B /* LaunchScreen.xib */; };
		5782483E1B0D795A0082681B /* RMStarScoreDemoTests.m in Sources */ = {isa = PBXBuildFile; fileRef = 5782483D1B0D795A0082681B /* RMStarScoreDemoTests.m */; };
		578249611B0DD5940082681B /* b27_icon_star_gray@2x.png in Resources */ = {isa = PBXBuildFile; fileRef = 5782494B1B0DD5940082681B /* b27_icon_star_gray@2x.png */; };
		578249621B0DD5940082681B /* b27_icon_star_yellow@2x.png in Resources */ = {isa = PBXBuildFile; fileRef = 5782494C1B0DD5940082681B /* b27_icon_star_yellow@2x.png */; };
		578249631B0DD5940082681B /* NSData+Base64.m in Sources */ = {isa = PBXBuildFile; fileRef = 578249501B0DD5940082681B /* NSData+Base64.m */; };
		578249641B0DD5940082681B /* NSString+Base64.m in Sources */ = {isa = PBXBuildFile; fileRef = 578249521B0DD5940082681B /* NSString+Base64.m */; };
		578249651B0DD5940082681B /* NSString+Size.m in Sources */ = {isa = PBXBuildFile; fileRef = 578249541B0DD5940082681B /* NSString+Size.m */; };
		578249661B0DD5940082681B /* UIColor+Hex.m in Sources */ = {isa = PBXBuildFile; fileRef = 578249581B0DD5940082681B /* UIColor+Hex.m */; };
		578249671B0DD5940082681B /* UIView+CustomFrame.m in Sources */ = {isa = PBXBuildFile; fileRef = 5782495A1B0DD5940082681B /* UIView+CustomFrame.m */; };
		578249681B0DD5940082681B /* RMStarScore.m in Sources */ = {isa = PBXBuildFile; fileRef = 5782495C1B0DD5940082681B /* RMStarScore.m */; };
		578249691B0DD5940082681B /* ScoreKit.m in Sources */ = {isa = PBXBuildFile; fileRef = 5782495E1B0DD5940082681B /* ScoreKit.m */; };
		5782496A1B0DD5940082681B /* StarView.m in Sources */ = {isa = PBXBuildFile; fileRef = 578249601B0DD5940082681B /* StarView.m */; };
/* End PBXBuildFile section */

/* Begin PBXContainerItemProxy section */
		578248381B0D795A0082681B /* PBXContainerItemProxy */ = {
			isa = PBXContainerItemProxy;
			containerPortal = 578248161B0D79590082681B /* Project object */;
			proxyType = 1;
			remoteGlobalIDString = 5782481D1B0D79590082681B;
			remoteInfo = RMStarScoreDemo;
		};
/* End PBXContainerItemProxy section */

/* Begin PBXFileReference section */
		5782481E1B0D79590082681B /* RMStarScoreDemo.app */ = {isa = PBXFileReference; explicitFileType = wrapper.application; includeInIndex = 0; path = RMStarScoreDemo.app; sourceTree = BUILT_PRODUCTS_DIR; };
		578248221B0D79590082681B /* Info.plist */ = {isa = PBXFileReference; lastKnownFileType = text.plist.xml; path = Info.plist; sourceTree = "<group>"; };
		578248231B0D79590082681B /* main.m */ = {isa = PBXFileReference; lastKnownFileType = sourcecode.c.objc; path = main.m; sourceTree = "<group>"; };
		578248251B0D79590082681B /* AppDelegate.h */ = {isa = PBXFileReference; lastKnownFileType = sourcecode.c.h; path = AppDelegate.h; sourceTree = "<group>"; };
		578248261B0D79590082681B /* AppDelegate.m */ = {isa = PBXFileReference; lastKnownFileType = sourcecode.c.objc; path = AppDelegate.m; sourceTree = "<group>"; };
		578248281B0D79590082681B /* ViewController.h */ = {isa = PBXFileReference; lastKnownFileType = sourcecode.c.h; path = ViewController.h; sourceTree = "<group>"; };
		578248291B0D79590082681B /* ViewController.m */ = {isa = PBXFileReference; lastKnownFileType = sourcecode.c.objc; path = ViewController.m; sourceTree = "<group>"; };
		5782482C1B0D79590082681B /* Base */ = {isa = PBXFileReference; lastKnownFileType = file.storyboard; name = Base; path = Base.lproj/Main.storyboard; sourceTree = "<group>"; };
		5782482E1B0D79590082681B /* Images.xcassets */ = {isa = PBXFileReference; lastKnownFileType = folder.assetcatalog; path = Images.xcassets; sourceTree = "<group>"; };
		578248311B0D79590082681B /* Base */ = {isa = PBXFileReference; lastKnownFileType = file.xib; name = Base; path = Base.lproj/LaunchScreen.xib; sourceTree = "<group>"; };
		578248371B0D795A0082681B /* RMStarScoreDemoTests.xctest */ = {isa = PBXFileReference; explicitFileType = wrapper.cfbundle; includeInIndex = 0; path = RMStarScoreDemoTests.xctest; sourceTree = BUILT_PRODUCTS_DIR; };
		5782483C1B0D795A0082681B /* Info.plist */ = {isa = PBXFileReference; lastKnownFileType = text.plist.xml; path = Info.plist; sourceTree = "<group>"; };
		5782483D1B0D795A0082681B /* RMStarScoreDemoTests.m */ = {isa = PBXFileReference; lastKnownFileType = sourcecode.c.objc; path = RMStarScoreDemoTests.m; sourceTree = "<group>"; };
		5782494B1B0DD5940082681B /* b27_icon_star_gray@2x.png */ = {isa = PBXFileReference; lastKnownFileType = image.png; path = "b27_icon_star_gray@2x.png"; sourceTree = "<group>"; };
		5782494C1B0DD5940082681B /* b27_icon_star_yellow@2x.png */ = {isa = PBXFileReference; lastKnownFileType = image.png; path = "b27_icon_star_yellow@2x.png"; sourceTree = "<group>"; };
		5782494F1B0DD5940082681B /* NSData+Base64.h */ = {isa = PBXFileReference; fileEncoding = 4; lastKnownFileType = sourcecode.c.h; path = "NSData+Base64.h"; sourceTree = "<group>"; };
		578249501B0DD5940082681B /* NSData+Base64.m */ = {isa = PBXFileReference; fileEncoding = 4; lastKnownFileType = sourcecode.c.objc; path = "NSData+Base64.m"; sourceTree = "<group>"; };
		578249511B0DD5940082681B /* NSString+Base64.h */ = {isa = PBXFileReference; fileEncoding = 4; lastKnownFileType = sourcecode.c.h; path = "NSString+Base64.h"; sourceTree = "<group>"; };
		578249521B0DD5940082681B /* NSString+Base64.m */ = {isa = PBXFileReference; fileEncoding = 4; lastKnownFileType = sourcecode.c.objc; path = "NSString+Base64.m"; sourceTree = "<group>"; };
		578249531B0DD5940082681B /* NSString+Size.h */ = {isa = PBXFileReference; fileEncoding = 4; lastKnownFileType = sourcecode.c.h; path = "NSString+Size.h"; sourceTree = "<group>"; };
		578249541B0DD5940082681B /* NSString+Size.m */ = {isa = PBXFileReference; fileEncoding = 4; lastKnownFileType = sourcecode.c.objc; path = "NSString+Size.m"; sourceTree = "<group>"; };
		578249551B0DD5940082681B /* RMDefines.h */ = {isa = PBXFileReference; fileEncoding = 4; lastKnownFileType = sourcecode.c.h; path = RMDefines.h; sourceTree = "<group>"; };
		578249561B0DD5940082681B /* RMSingleton.h */ = {isa = PBXFileReference; fileEncoding = 4; lastKnownFileType = sourcecode.c.h; path = RMSingleton.h; sourceTree = "<group>"; };
		578249571B0DD5940082681B /* UIColor+Hex.h */ = {isa = PBXFileReference; fileEncoding = 4; lastKnownFileType = sourcecode.c.h; path = "UIColor+Hex.h"; sourceTree = "<group>"; };
		578249581B0DD5940082681B /* UIColor+Hex.m */ = {isa = PBXFileReference; fileEncoding = 4; lastKnownFileType = sourcecode.c.objc; path = "UIColor+Hex.m"; sourceTree = "<group>"; };
		578249591B0DD5940082681B /* UIView+CustomFrame.h */ = {isa = PBXFileReference; fileEncoding = 4; lastKnownFileType = sourcecode.c.h; path = "UIView+CustomFrame.h"; sourceTree = "<group>"; };
		5782495A1B0DD5940082681B /* UIView+CustomFrame.m */ = {isa = PBXFileReference; fileEncoding = 4; lastKnownFileType = sourcecode.c.objc; path = "UIView+CustomFrame.m"; sourceTree = "<group>"; };
		5782495B1B0DD5940082681B /* RMStarScore.h */ = {isa = PBXFileReference; fileEncoding = 4; lastKnownFileType = sourcecode.c.h; path = RMStarScore.h; sourceTree = "<group>"; };
		5782495C1B0DD5940082681B /* RMStarScore.m */ = {isa = PBXFileReference; fileEncoding = 4; lastKnownFileType = sourcecode.c.objc; path = RMStarScore.m; sourceTree = "<group>"; };
		5782495D1B0DD5940082681B /* ScoreKit.h */ = {isa = PBXFileReference; fileEncoding = 4; lastKnownFileType = sourcecode.c.h; path = ScoreKit.h; sourceTree = "<group>"; };
		5782495E1B0DD5940082681B /* ScoreKit.m */ = {isa = PBXFileReference; fileEncoding = 4; lastKnownFileType = sourcecode.c.objc; path = ScoreKit.m; sourceTree = "<group>"; };
		5782495F1B0DD5940082681B /* StarView.h */ = {isa = PBXFileReference; fileEncoding = 4; lastKnownFileType = sourcecode.c.h; path = StarView.h; sourceTree = "<group>"; };
		578249601B0DD5940082681B /* StarView.m */ = {isa = PBXFileReference; fileEncoding = 4; lastKnownFileType = sourcecode.c.objc; path = StarView.m; sourceTree = "<group>"; };
/* End PBXFileReference section */

/* Begin PBXFrameworksBuildPhase section */
		5782481B1B0D79590082681B /* Frameworks */ = {
			isa = PBXFrameworksBuildPhase;
			buildActionMask = 2147483647;
			files = (
			);
			runOnlyForDeploymentPostprocessing = 0;
		};
		578248341B0D795A0082681B /* Frameworks */ = {
			isa = PBXFrameworksBuildPhase;
			buildActionMask = 2147483647;
			files = (
			);
			runOnlyForDeploymentPostprocessing = 0;
		};
/* End PBXFrameworksBuildPhase section */

/* Begin PBXGroup section */
		578248151B0D79590082681B = {
			isa = PBXGroup;
			children = (
				578248201B0D79590082681B /* RMStarScoreDemo */,
				5782483A1B0D795A0082681B /* RMStarScoreDemoTests */,
				5782481F1B0D79590082681B /* Products */,
			);
			sourceTree = "<group>";
		};
		5782481F1B0D79590082681B /* Products */ = {
			isa = PBXGroup;
			children = (
				5782481E1B0D79590082681B /* RMStarScoreDemo.app */,
				578248371B0D795A0082681B /* RMStarScoreDemoTests.xctest */,
			);
			name = Products;
			sourceTree = "<group>";
		};
		578248201B0D79590082681B /* RMStarScoreDemo */ = {
			isa = PBXGroup;
			children = (
				5782494A1B0DD5940082681B /* CHD */,
				578248251B0D79590082681B /* AppDelegate.h */,
				578248261B0D79590082681B /* AppDelegate.m */,
				578248281B0D79590082681B /* ViewController.h */,
				578248291B0D79590082681B /* ViewController.m */,
				5782482B1B0D79590082681B /* Main.storyboard */,
				5782482E1B0D79590082681B /* Images.xcassets */,
				578248301B0D79590082681B /* LaunchScreen.xib */,
				578248211B0D79590082681B /* Supporting Files */,
			);
			path = RMStarScoreDemo;
			sourceTree = "<group>";
		};
		578248211B0D79590082681B /* Supporting Files */ = {
			isa = PBXGroup;
			children = (
				578248221B0D79590082681B /* Info.plist */,
				578248231B0D79590082681B /* main.m */,
			);
			name = "Supporting Files";
			sourceTree = "<group>";
		};
		5782483A1B0D795A0082681B /* RMStarScoreDemoTests */ = {
			isa = PBXGroup;
			children = (
				5782483D1B0D795A0082681B /* RMStarScoreDemoTests.m */,
				5782483B1B0D795A0082681B /* Supporting Files */,
			);
			path = RMStarScoreDemoTests;
			sourceTree = "<group>";
		};
		5782483B1B0D795A0082681B /* Supporting Files */ = {
			isa = PBXGroup;
			children = (
				5782483C1B0D795A0082681B /* Info.plist */,
			);
			name = "Supporting Files";
			sourceTree = "<group>";
		};
		5782494A1B0DD5940082681B /* CHD */ = {
			isa = PBXGroup;
			children = (
				5782494B1B0DD5940082681B /* b27_icon_star_gray@2x.png */,
				5782494C1B0DD5940082681B /* b27_icon_star_yellow@2x.png */,
				5782494D1B0DD5940082681B /* Categories */,
				5782495B1B0DD5940082681B /* RMStarScore.h */,
				5782495C1B0DD5940082681B /* RMStarScore.m */,
				5782495D1B0DD5940082681B /* ScoreKit.h */,
				5782495E1B0DD5940082681B /* ScoreKit.m */,
				5782495F1B0DD5940082681B /* StarView.h */,
				578249601B0DD5940082681B /* StarView.m */,
			);
			path = CHD;
			sourceTree = SOURCE_ROOT;
		};
		5782494D1B0DD5940082681B /* Categories */ = {
			isa = PBXGroup;
			children = (
				5782494E1B0DD5940082681B /* Base64 */,
				578249531B0DD5940082681B /* NSString+Size.h */,
				578249541B0DD5940082681B /* NSString+Size.m */,
				578249551B0DD5940082681B /* RMDefines.h */,
				578249561B0DD5940082681B /* RMSingleton.h */,
				578249571B0DD5940082681B /* UIColor+Hex.h */,
				578249581B0DD5940082681B /* UIColor+Hex.m */,
				578249591B0DD5940082681B /* UIView+CustomFrame.h */,
				5782495A1B0DD5940082681B /* UIView+CustomFrame.m */,
			);
			path = Categories;
			sourceTree = "<group>";
		};
		5782494E1B0DD5940082681B /* Base64 */ = {
			isa = PBXGroup;
			children = (
				5782494F1B0DD5940082681B /* NSData+Base64.h */,
				578249501B0DD5940082681B /* NSData+Base64.m */,
				578249511B0DD5940082681B /* NSString+Base64.h */,
				578249521B0DD5940082681B /* NSString+Base64.m */,
			);
			path = Base64;
			sourceTree = "<group>";
		};
/* End PBXGroup section */

/* Begin PBXNativeTarget section */
		5782481D1B0D79590082681B /* RMStarScoreDemo */ = {
			isa = PBXNativeTarget;
			buildConfigurationList = 578248411B0D795A0082681B /* Build configuration list for PBXNativeTarget "RMStarScoreDemo" */;
			buildPhases = (
				5782481A1B0D79590082681B /* Sources */,
				5782481B1B0D79590082681B /* Frameworks */,
				5782481C1B0D79590082681B /* Resources */,
			);
			buildRules = (
			);
			dependencies = (
			);
			name = RMStarScoreDemo;
			productName = RMStarScoreDemo;
			productReference = 5782481E1B0D79590082681B /* RMStarScoreDemo.app */;
			productType = "com.apple.product-type.application";
		};
		578248361B0D795A0082681B /* RMStarScoreDemoTests */ = {
			isa = PBXNativeTarget;
			buildConfigurationList = 578248441B0D795A0082681B /* Build configuration list for PBXNativeTarget "RMStarScoreDemoTests" */;
			buildPhases = (
				578248331B0D795A0082681B /* Sources */,
				578248341B0D795A0082681B /* Frameworks */,
				578248351B0D795A0082681B /* Resources */,
			);
			buildRules = (
			);
			dependencies = (
				578248391B0D795A0082681B /* PBXTargetDependency */,
			);
			name = RMStarScoreDemoTests;
			productName = RMStarScoreDemoTests;
			productReference = 578248371B0D795A0082681B /* RMStarScoreDemoTests.xctest */;
			productType = "com.apple.product-type.bundle.unit-test";
		};
/* End PBXNativeTarget section */

/* Begin PBXProject section */
		578248161B0D79590082681B /* Project object */ = {
			isa = PBXProject;
			attributes = {
				CLASSPREFIX = RM;
				LastUpgradeCheck = 0630;
				ORGANIZATIONNAME = chd;
				TargetAttributes = {
					5782481D1B0D79590082681B = {
						CreatedOnToolsVersion = 6.3.2;
					};
					578248361B0D795A0082681B = {
						CreatedOnToolsVersion = 6.3.2;
						TestTargetID = 5782481D1B0D79590082681B;
					};
				};
			};
			buildConfigurationList = 578248191B0D79590082681B /* Build configuration list for PBXProject "RMStarScoreDemo" */;
			compatibilityVersion = "Xcode 3.2";
			developmentRegion = English;
			hasScannedForEncodings = 0;
			knownRegions = (
				en,
				Base,
			);
			mainGroup = 578248151B0D79590082681B;
			productRefGroup = 5782481F1B0D79590082681B /* Products */;
			projectDirPath = "";
			projectRoot = "";
			targets = (
				5782481D1B0D79590082681B /* RMStarScoreDemo */,
				578248361B0D795A0082681B /* RMStarScoreDemoTests */,
			);
		};
/* End PBXProject section */

/* Begin PBXResourcesBuildPhase section */
		5782481C1B0D79590082681B /* Resources */ = {
			isa = PBXResourcesBuildPhase;
			buildActionMask = 2147483647;
			files = (
				578249611B0DD5940082681B /* b27_icon_star_gray@2x.png in Resources */,
				578249621B0DD5940082681B /* b27_icon_star_yellow@2x.png in Resources */,
				5782482D1B0D79590082681B /* Main.storyboard in Resources */,
				578248321B0D79590082681B /* LaunchScreen.xib in Resources */,
				5782482F1B0D79590082681B /* Images.xcassets in Resources */,
			);
			runOnlyForDeploymentPostprocessing = 0;
		};
		578248351B0D795A0082681B /* Resources */ = {
			isa = PBXResourcesBuildPhase;
			buildActionMask = 2147483647;
			files = (
			);
			runOnlyForDeploymentPostprocessing = 0;
		};
/* End PBXResourcesBuildPhase section */

/* Begin PBXSourcesBuildPhase section */
		5782481A1B0D79590082681B /* Sources */ = {
			isa = PBXSourcesBuildPhase;
			buildActionMask = 2147483647;
			files = (
				5782482A1B0D79590082681B /* ViewController.m in Sources */,
				578249671B0DD5940082681B /* UIView+CustomFrame.m in Sources */,
				578249631B0DD5940082681B /* NSData+Base64.m in Sources */,
				5782496A1B0DD5940082681B /* StarView.m in Sources */,
				578248271B0D79590082681B /* AppDelegate.m in Sources */,
				578248241B0D79590082681B /* main.m in Sources */,
				578249691B0DD5940082681B /* ScoreKit.m in Sources */,
				578249661B0DD5940082681B /* UIColor+Hex.m in Sources */,
				578249651B0DD5940082681B /* NSString+Size.m in Sources */,
				578249681B0DD5940082681B /* RMStarScore.m in Sources */,
				578249641B0DD5940082681B /* NSString+Base64.m in Sources */,
			);
			runOnlyForDeploymentPostprocessing = 0;
		};
		578248331B0D795A0082681B /* Sources */ = {
			isa = PBXSourcesBuildPhase;
			buildActionMask = 2147483647;
			files = (
				5782483E1B0D795A0082681B /* RMStarScoreDemoTests.m in Sources */,
			);
			runOnlyForDeploymentPostprocessing = 0;
		};
/* End PBXSourcesBuildPhase section */

/* Begin PBXTargetDependency section */
		578248391B0D795A0082681B /* PBXTargetDependency */ = {
			isa = PBXTargetDependency;
			target = 5782481D1B0D79590082681B /* RMStarScoreDemo */;
			targetProxy = 578248381B0D795A0082681B /* PBXContainerItemProxy */;
		};
/* End PBXTargetDependency section */

/* Begin PBXVariantGroup section */
		5782482B1B0D79590082681B /* Main.storyboard */ = {
			isa = PBXVariantGroup;
			children = (
				5782482C1B0D79590082681B /* Base */,
			);
			name = Main.storyboard;
			sourceTree = "<group>";
		};
		578248301B0D79590082681B /* LaunchScreen.xib */ = {
			isa = PBXVariantGroup;
			children = (
				578248311B0D79590082681B /* Base */,
			);
			name = LaunchScreen.xib;
			sourceTree = "<group>";
		};
/* End PBXVariantGroup section */

/* Begin XCBuildConfiguration section */
		5782483F1B0D795A0082681B /* Debug */ = {
			isa = XCBuildConfiguration;
			buildSettings = {
				ALWAYS_SEARCH_USER_PATHS = NO;
				CLANG_CXX_LANGUAGE_STANDARD = "gnu++0x";
				CLANG_CXX_LIBRARY = "libc++";
				CLANG_ENABLE_MODULES = YES;
				CLANG_ENABLE_OBJC_ARC = YES;
				CLANG_WARN_BOOL_CONVERSION = YES;
				CLANG_WARN_CONSTANT_CONVERSION = YES;
				CLANG_WARN_DIRECT_OBJC_ISA_USAGE = YES_ERROR;
				CLANG_WARN_EMPTY_BODY = YES;
				CLANG_WARN_ENUM_CONVERSION = YES;
				CLANG_WARN_INT_CONVERSION = YES;
				CLANG_WARN_OBJC_ROOT_CLASS = YES_ERROR;
				CLANG_WARN_UNREACHABLE_CODE = YES;
				CLANG_WARN__DUPLICATE_METHOD_MATCH = YES;
				"CODE_SIGN_IDENTITY[sdk=iphoneos*]" = "iPhone Developer";
				COPY_PHASE_STRIP = NO;
				DEBUG_INFORMATION_FORMAT = "dwarf-with-dsym";
				ENABLE_STRICT_OBJC_MSGSEND = YES;
				GCC_C_LANGUAGE_STANDARD = gnu99;
				GCC_DYNAMIC_NO_PIC = NO;
				GCC_NO_COMMON_BLOCKS = YES;
				GCC_OPTIMIZATION_LEVEL = 0;
				GCC_PREPROCESSOR_DEFINITIONS = (
					"DEBUG=1",
					"$(inherited)",
				);
				GCC_SYMBOLS_PRIVATE_EXTERN = NO;
				GCC_WARN_64_TO_32_BIT_CONVERSION = YES;
				GCC_WARN_ABOUT_RETURN_TYPE = YES_ERROR;
				GCC_WARN_UNDECLARED_SELECTOR = YES;
				GCC_WARN_UNINITIALIZED_AUTOS = YES_AGGRESSIVE;
				GCC_WARN_UNUSED_FUNCTION = YES;
				GCC_WARN_UNUSED_VARIABLE = YES;
				IPHONEOS_DEPLOYMENT_TARGET = 8.3;
				MTL_ENABLE_DEBUG_INFO = YES;
				ONLY_ACTIVE_ARCH = YES;
				SDKROOT = iphoneos;
			};
			name = Debug;
		};
		578248401B0D795A0082681B /* Release */ = {
			isa = XCBuildConfiguration;
			buildSettings = {
				ALWAYS_SEARCH_USER_PATHS = NO;
				CLANG_CXX_LANGUAGE_STANDARD = "gnu++0x";
				CLANG_CXX_LIBRARY = "libc++";
				CLANG_ENABLE_MODULES = YES;
				CLANG_ENABLE_OBJC_ARC = YES;
				CLANG_WARN_BOOL_CONVERSION = YES;
				CLANG_WARN_CONSTANT_CONVERSION = YES;
				CLANG_WARN_DIRECT_OBJC_ISA_USAGE = YES_ERROR;
				CLANG_WARN_EMPTY_BODY = YES;
				CLANG_WARN_ENUM_CONVERSION = YES;
				CLANG_WARN_INT_CONVERSION = YES;
				CLANG_WARN_OBJC_ROOT_CLASS = YES_ERROR;
				CLANG_WARN_UNREACHABLE_CODE = YES;
				CLANG_WARN__DUPLICATE_METHOD_MATCH = YES;
				"CODE_SIGN_IDENTITY[sdk=iphoneos*]" = "iPhone Developer";
				COPY_PHASE_STRIP = NO;
				DEBUG_INFORMATION_FORMAT = "dwarf-with-dsym";
				ENABLE_NS_ASSERTIONS = NO;
				ENABLE_STRICT_OBJC_MSGSEND = YES;
				GCC_C_LANGUAGE_STANDARD = gnu99;
				GCC_NO_COMMON_BLOCKS = YES;
				GCC_WARN_64_TO_32_BIT_CONVERSION = YES;
				GCC_WARN_ABOUT_RETURN_TYPE = YES_ERROR;
				GCC_WARN_UNDECLARED_SELECTOR = YES;
				GCC_WARN_UNINITIALIZED_AUTOS = YES_AGGRESSIVE;
				GCC_WARN_UNUSED_FUNCTION = YES;
				GCC_WARN_UNUSED_VARIABLE = YES;
				IPHONEOS_DEPLOYMENT_TARGET = 8.3;
				MTL_ENABLE_DEBUG_INFO = NO;
				SDKROOT = iphoneos;
				VALIDATE_PRODUCT = YES;
			};
			name = Release;
		};
		578248421B0D795A0082681B /* Debug */ = {
			isa = XCBuildConfiguration;
			buildSettings = {
				ASSETCATALOG_COMPILER_APPICON_NAME = AppIcon;
				INFOPLIST_FILE = RMStarScoreDemo/Info.plist;
				IPHONEOS_DEPLOYMENT_TARGET = 7.0;
				LD_RUNPATH_SEARCH_PATHS = "$(inherited) @executable_path/Frameworks";
				PRODUCT_NAME = RMStarScoreDemo;
			};
			name = Debug;
		};
		578248431B0D795A0082681B /* Release */ = {
			isa = XCBuildConfiguration;
			buildSettings = {
				ASSETCATALOG_COMPILER_APPICON_NAME = AppIcon;
				INFOPLIST_FILE = RMStarScoreDemo/Info.plist;
				IPHONEOS_DEPLOYMENT_TARGET = 7.0;
				LD_RUNPATH_SEARCH_PATHS = "$(inherited) @executable_path/Frameworks";
				PRODUCT_NAME = RMStarScoreDemo;
			};
			name = Release;
		};
		578248451B0D795A0082681B /* Debug */ = {
			isa = XCBuildConfiguration;
			buildSettings = {
				BUNDLE_LOADER = "$(TEST_HOST)";
				FRAMEWORK_SEARCH_PATHS = (
					"$(SDKROOT)/Developer/Library/Frameworks",
					"$(inherited)",
				);
				GCC_PREPROCESSOR_DEFINITIONS = (
					"DEBUG=1",
					"$(inherited)",
				);
				INFOPLIST_FILE = RMStarScoreDemoTests/Info.plist;
				LD_RUNPATH_SEARCH_PATHS = "$(inherited) @executable_path/Frameworks @loader_path/Frameworks";
				PRODUCT_NAME = RMStarScoreDemoTests;
				TEST_HOST = "$(BUILT_PRODUCTS_DIR)/RMStarScoreDemo.app/RMStarScoreDemo";
			};
			name = Debug;
		};
		578248461B0D795A0082681B /* Release */ = {
			isa = XCBuildConfiguration;
			buildSettings = {
				BUNDLE_LOADER = "$(TEST_HOST)";
				FRAMEWORK_SEARCH_PATHS = (
					"$(SDKROOT)/Developer/Library/Frameworks",
					"$(inherited)",
				);
				INFOPLIST_FILE = RMStarScoreDemoTests/Info.plist;
				LD_RUNPATH_SEARCH_PATHS = "$(inherited) @executable_path/Frameworks @loader_path/Frameworks";
				PRODUCT_NAME = RMStarScoreDemoTests;
				TEST_HOST = "$(BUILT_PRODUCTS_DIR)/RMStarScoreDemo.app/RMStarScoreDemo";
			};
			name = Release;
		};
/* End XCBuildConfiguration section */

/* Begin XCConfigurationList section */
		578248191B0D79590082681B /* Build configuration list for PBXProject "RMStarScoreDemo" */ = {
			isa = XCConfigurationList;
			buildConfigurations = (
				5782483F1B0D795A0082681B /* Debug */,
				578248401B0D795A0082681B /* Release */,
			);
			defaultConfigurationIsVisible = 0;
			defaultConfigurationName = Release;
		};
		578248411B0D795A0082681B /* Build configuration list for PBXNativeTarget "RMStarScoreDemo" */ = {
			isa = XCConfigurationList;
			buildConfigurations = (
				578248421B0D795A0082681B /* Debug */,
				578248431B0D795A0082681B /* Release */,
			);
			defaultConfigurationIsVisible = 0;
			defaultConfigurationName = Release;
		};
		578248441B0D795A0082681B /* Build configuration list for PBXNativeTarget "RMStarScoreDemoTests" */ = {
			isa = XCConfigurationList;
			buildConfigurations = (
				578248451B0D795A0082681B /* Debug */,
				578248461B0D795A0082681B /* Release */,
			);
			defaultConfigurationIsVisible = 0;
			defaultConfigurationName = Release;
		};
/* End XCConfigurationList section */
	};
	rootObject = 578248161B0D79590082681B /* Project object */;
}
